// !$*UTF8*$!
{
	archiveVersion = 1;
	classes = {
	};
	objectVersion = 56;
	objects = {

/* Begin PBXBuildFile section */
		54473FDA298A4098000CA9BE /* AppDelegate.swift in Sources */ = {isa = PBXBuildFile; fileRef = 54473FD9298A4098000CA9BE /* AppDelegate.swift */; };
		54473FDE298A4098000CA9BE /* MainTableViewController.swift in Sources */ = {isa = PBXBuildFile; fileRef = 54473FDD298A4098000CA9BE /* MainTableViewController.swift */; };
		54473FE3298A4098000CA9BE /* Assets.xcassets in Resources */ = {isa = PBXBuildFile; fileRef = 54473FE2298A4098000CA9BE /* Assets.xcassets */; };
		54473FE6298A4098000CA9BE /* LaunchScreen.storyboard in Resources */ = {isa = PBXBuildFile; fileRef = 54473FE4298A4098000CA9BE /* LaunchScreen.storyboard */; };
		54473FF3298A47C7000CA9BE /* Resources.swift in Sources */ = {isa = PBXBuildFile; fileRef = 54473FF2298A47C7000CA9BE /* Resources.swift */; };
		54473FF6298A4B50000CA9BE /* MainTableViewCell.swift in Sources */ = {isa = PBXBuildFile; fileRef = 54473FF5298A4B50000CA9BE /* MainTableViewCell.swift */; };
		54473FFA298A4E6E000CA9BE /* UIView + Extensions.swift in Sources */ = {isa = PBXBuildFile; fileRef = 54473FF9298A4E6E000CA9BE /* UIView + Extensions.swift */; };
		54473FFE298A6CD5000CA9BE /* EditingViewController.swift in Sources */ = {isa = PBXBuildFile; fileRef = 54473FFD298A6CD5000CA9BE /* EditingViewController.swift */; };
		54474034298AD5A5000CA9BE /* TextViewTableViewCell.swift in Sources */ = {isa = PBXBuildFile; fileRef = 54474033298AD5A5000CA9BE /* TextViewTableViewCell.swift */; };
		54474036298ADBC5000CA9BE /* NameTextView.swift in Sources */ = {isa = PBXBuildFile; fileRef = 54474035298ADBC5000CA9BE /* NameTextView.swift */; };
		54474038298BCA6E000CA9BE /* DatePickerTableViewCell.swift in Sources */ = {isa = PBXBuildFile; fileRef = 54474037298BCA6E000CA9BE /* DatePickerTableViewCell.swift */; };
		5447403A298BD7D1000CA9BE /* PickerViewTableViewCell.swift in Sources */ = {isa = PBXBuildFile; fileRef = 54474039298BD7D1000CA9BE /* PickerViewTableViewCell.swift */; };
		5447403C298BF53E000CA9BE /* GenderPickerView.swift in Sources */ = {isa = PBXBuildFile; fileRef = 5447403B298BF53E000CA9BE /* GenderPickerView.swift */; };
		5447403E298BFA63000CA9BE /* GenderTextField.swift in Sources */ = {isa = PBXBuildFile; fileRef = 5447403D298BFA63000CA9BE /* GenderTextField.swift */; };
		54474050298CFFEB000CA9BE /* EditingTableView.swift in Sources */ = {isa = PBXBuildFile; fileRef = 5447404F298CFFEB000CA9BE /* EditingTableView.swift */; };
		54474053298D07EF000CA9BE /* UserModel.swift in Sources */ = {isa = PBXBuildFile; fileRef = 54474052298D07EF000CA9BE /* UserModel.swift */; };
		54474056298D0B06000CA9BE /* UserDefaultsManager.swift in Sources */ = {isa = PBXBuildFile; fileRef = 54474055298D0B06000CA9BE /* UserDefaultsManager.swift */; };
		54474058298D561B000CA9BE /* UIViewController + Extension.swift in Sources */ = {isa = PBXBuildFile; fileRef = 54474057298D561B000CA9BE /* UIViewController + Extension.swift */; };
		5447405A298D6628000CA9BE /* UIBarButtonItem + Extension.swift in Sources */ = {isa = PBXBuildFile; fileRef = 54474059298D6628000CA9BE /* UIBarButtonItem + Extension.swift */; };
/* End PBXBuildFile section */

/* Begin PBXFileReference section */
		54473FD6298A4098000CA9BE /* TestApp.app */ = {isa = PBXFileReference; explicitFileType = wrapper.application; includeInIndex = 0; path = TestApp.app; sourceTree = BUILT_PRODUCTS_DIR; };
		54473FD9298A4098000CA9BE /* AppDelegate.swift */ = {isa = PBXFileReference; lastKnownFileType = sourcecode.swift; path = AppDelegate.swift; sourceTree = "<group>"; };
		54473FDD298A4098000CA9BE /* MainTableViewController.swift */ = {isa = PBXFileReference; lastKnownFileType = sourcecode.swift; path = MainTableViewController.swift; sourceTree = "<group>"; };
		54473FE2298A4098000CA9BE /* Assets.xcassets */ = {isa = PBXFileReference; lastKnownFileType = folder.assetcatalog; path = Assets.xcassets; sourceTree = "<group>"; };
		54473FE5298A4098000CA9BE /* Base */ = {isa = PBXFileReference; lastKnownFileType = file.storyboard; name = Base; path = Base.lproj/LaunchScreen.storyboard; sourceTree = "<group>"; };
		54473FE7298A4098000CA9BE /* Info.plist */ = {isa = PBXFileReference; lastKnownFileType = text.plist.xml; path = Info.plist; sourceTree = "<group>"; };
		54473FF2298A47C7000CA9BE /* Resources.swift */ = {isa = PBXFileReference; lastKnownFileType = sourcecode.swift; path = Resources.swift; sourceTree = "<group>"; };
		54473FF5298A4B50000CA9BE /* MainTableViewCell.swift */ = {isa = PBXFileReference; lastKnownFileType = sourcecode.swift; path = MainTableViewCell.swift; sourceTree = "<group>"; };
		54473FF9298A4E6E000CA9BE /* UIView + Extensions.swift */ = {isa = PBXFileReference; lastKnownFileType = sourcecode.swift; path = "UIView + Extensions.swift"; sourceTree = "<group>"; };
		54473FFD298A6CD5000CA9BE /* EditingViewController.swift */ = {isa = PBXFileReference; lastKnownFileType = sourcecode.swift; path = EditingViewController.swift; sourceTree = "<group>"; };
		54474033298AD5A5000CA9BE /* TextViewTableViewCell.swift */ = {isa = PBXFileReference; lastKnownFileType = sourcecode.swift; path = TextViewTableViewCell.swift; sourceTree = "<group>"; };
		54474035298ADBC5000CA9BE /* NameTextView.swift */ = {isa = PBXFileReference; lastKnownFileType = sourcecode.swift; path = NameTextView.swift; sourceTree = "<group>"; };
		54474037298BCA6E000CA9BE /* DatePickerTableViewCell.swift */ = {isa = PBXFileReference; lastKnownFileType = sourcecode.swift; path = DatePickerTableViewCell.swift; sourceTree = "<group>"; };
		54474039298BD7D1000CA9BE /* PickerViewTableViewCell.swift */ = {isa = PBXFileReference; lastKnownFileType = sourcecode.swift; path = PickerViewTableViewCell.swift; sourceTree = "<group>"; };
		5447403B298BF53E000CA9BE /* GenderPickerView.swift */ = {isa = PBXFileReference; lastKnownFileType = sourcecode.swift; path = GenderPickerView.swift; sourceTree = "<group>"; };
		5447403D298BFA63000CA9BE /* GenderTextField.swift */ = {isa = PBXFileReference; lastKnownFileType = sourcecode.swift; path = GenderTextField.swift; sourceTree = "<group>"; };
		5447404F298CFFEB000CA9BE /* EditingTableView.swift */ = {isa = PBXFileReference; lastKnownFileType = sourcecode.swift; path = EditingTableView.swift; sourceTree = "<group>"; };
		54474052298D07EF000CA9BE /* UserModel.swift */ = {isa = PBXFileReference; lastKnownFileType = sourcecode.swift; path = UserModel.swift; sourceTree = "<group>"; };
		54474055298D0B06000CA9BE /* UserDefaultsManager.swift */ = {isa = PBXFileReference; lastKnownFileType = sourcecode.swift; path = UserDefaultsManager.swift; sourceTree = "<group>"; };
		54474057298D561B000CA9BE /* UIViewController + Extension.swift */ = {isa = PBXFileReference; lastKnownFileType = sourcecode.swift; path = "UIViewController + Extension.swift"; sourceTree = "<group>"; };
		54474059298D6628000CA9BE /* UIBarButtonItem + Extension.swift */ = {isa = PBXFileReference; lastKnownFileType = sourcecode.swift; path = "UIBarButtonItem + Extension.swift"; sourceTree = "<group>"; };
/* End PBXFileReference section */

/* Begin PBXFrameworksBuildPhase section */
		54473FD3298A4098000CA9BE /* Frameworks */ = {
			isa = PBXFrameworksBuildPhase;
			buildActionMask = 2147483647;
			files = (
			);
			runOnlyForDeploymentPostprocessing = 0;
		};
/* End PBXFrameworksBuildPhase section */

/* Begin PBXGroup section */
		54473FCD298A4098000CA9BE = {
			isa = PBXGroup;
			children = (
				54473FD8298A4098000CA9BE /* TestApp */,
				54473FD7298A4098000CA9BE /* Products */,
			);
			sourceTree = "<group>";
		};
		54473FD7298A4098000CA9BE /* Products */ = {
			isa = PBXGroup;
			children = (
				54473FD6298A4098000CA9BE /* TestApp.app */,
			);
			name = Products;
			sourceTree = "<group>";
		};
		54473FD8298A4098000CA9BE /* TestApp */ = {
			isa = PBXGroup;
			children = (
				54473FEE298A4263000CA9BE /* Applications */,
				54473FEF298A43BE000CA9BE /* MainModule */,
				54473FFB298A6C9E000CA9BE /* EditingModule */,
				54474054298D0AEC000CA9BE /* Services */,
				54473FF1298A47BA000CA9BE /* Resources */,
				54473FF7298A4E3A000CA9BE /* Extensions */,
				54473FED298A4251000CA9BE /* SupportingFiles */,
			);
			path = TestApp;
			sourceTree = "<group>";
		};
		54473FED298A4251000CA9BE /* SupportingFiles */ = {
			isa = PBXGroup;
			children = (
				54473FE2298A4098000CA9BE /* Assets.xcassets */,
				54473FE4298A4098000CA9BE /* LaunchScreen.storyboard */,
				54473FE7298A4098000CA9BE /* Info.plist */,
			);
			path = SupportingFiles;
			sourceTree = "<group>";
		};
		54473FEE298A4263000CA9BE /* Applications */ = {
			isa = PBXGroup;
			children = (
				54473FD9298A4098000CA9BE /* AppDelegate.swift */,
			);
			path = Applications;
			sourceTree = "<group>";
		};
		54473FEF298A43BE000CA9BE /* MainModule */ = {
			isa = PBXGroup;
			children = (
				54474051298D07DA000CA9BE /* Models */,
				54473FF4298A4B33000CA9BE /* Views */,
				54473FF0298A43CC000CA9BE /* Controllers */,
			);
			path = MainModule;
			sourceTree = "<group>";
		};
		54473FF0298A43CC000CA9BE /* Controllers */ = {
			isa = PBXGroup;
			children = (
				54473FDD298A4098000CA9BE /* MainTableViewController.swift */,
			);
			path = Controllers;
			sourceTree = "<group>";
		};
		54473FF1298A47BA000CA9BE /* Resources */ = {
			isa = PBXGroup;
			children = (
				54473FF2298A47C7000CA9BE /* Resources.swift */,
			);
			path = Resources;
			sourceTree = "<group>";
		};
		54473FF4298A4B33000CA9BE /* Views */ = {
			isa = PBXGroup;
			children = (
				54473FF5298A4B50000CA9BE /* MainTableViewCell.swift */,
			);
			path = Views;
			sourceTree = "<group>";
		};
		54473FF7298A4E3A000CA9BE /* Extensions */ = {
			isa = PBXGroup;
			children = (
				54473FF8298A4E55000CA9BE /* UIKit */,
			);
			path = Extensions;
			sourceTree = "<group>";
		};
		54473FF8298A4E55000CA9BE /* UIKit */ = {
			isa = PBXGroup;
			children = (
				54473FF9298A4E6E000CA9BE /* UIView + Extensions.swift */,
				54474057298D561B000CA9BE /* UIViewController + Extension.swift */,
				54474059298D6628000CA9BE /* UIBarButtonItem + Extension.swift */,
			);
			path = UIKit;
			sourceTree = "<group>";
		};
		54473FFB298A6C9E000CA9BE /* EditingModule */ = {
			isa = PBXGroup;
			children = (
				54474031298AD4BC000CA9BE /* Views */,
				54473FFC298A6CAE000CA9BE /* Controllers */,
			);
			path = EditingModule;
			sourceTree = "<group>";
		};
		54473FFC298A6CAE000CA9BE /* Controllers */ = {
			isa = PBXGroup;
			children = (
				54473FFD298A6CD5000CA9BE /* EditingViewController.swift */,
			);
			path = Controllers;
			sourceTree = "<group>";
		};
		54474031298AD4BC000CA9BE /* Views */ = {
			isa = PBXGroup;
			children = (
				54474032298AD57F000CA9BE /* Cells */,
				54474035298ADBC5000CA9BE /* NameTextView.swift */,
				5447403B298BF53E000CA9BE /* GenderPickerView.swift */,
				5447403D298BFA63000CA9BE /* GenderTextField.swift */,
				5447404F298CFFEB000CA9BE /* EditingTableView.swift */,
			);
			path = Views;
			sourceTree = "<group>";
		};
		54474032298AD57F000CA9BE /* Cells */ = {
			isa = PBXGroup;
			children = (
				54474033298AD5A5000CA9BE /* TextViewTableViewCell.swift */,
				54474037298BCA6E000CA9BE /* DatePickerTableViewCell.swift */,
				54474039298BD7D1000CA9BE /* PickerViewTableViewCell.swift */,
			);
			path = Cells;
			sourceTree = "<group>";
		};
		54474051298D07DA000CA9BE /* Models */ = {
			isa = PBXGroup;
			children = (
				54474052298D07EF000CA9BE /* UserModel.swift */,
			);
			path = Models;
			sourceTree = "<group>";
		};
		54474054298D0AEC000CA9BE /* Services */ = {
			isa = PBXGroup;
			children = (
				54474055298D0B06000CA9BE /* UserDefaultsManager.swift */,
			);
			path = Services;
			sourceTree = "<group>";
		};
/* End PBXGroup section */

/* Begin PBXNativeTarget section */
		54473FD5298A4098000CA9BE /* TestApp */ = {
			isa = PBXNativeTarget;
			buildConfigurationList = 54473FEA298A4098000CA9BE /* Build configuration list for PBXNativeTarget "TestApp" */;
			buildPhases = (
				54473FD2298A4098000CA9BE /* Sources */,
				54473FD3298A4098000CA9BE /* Frameworks */,
				54473FD4298A4098000CA9BE /* Resources */,
			);
			buildRules = (
			);
			dependencies = (
			);
			name = TestApp;
			productName = TestApp;
			productReference = 54473FD6298A4098000CA9BE /* TestApp.app */;
			productType = "com.apple.product-type.application";
		};
/* End PBXNativeTarget section */

/* Begin PBXProject section */
		54473FCE298A4098000CA9BE /* Project object */ = {
			isa = PBXProject;
			attributes = {
				BuildIndependentTargetsInParallel = 1;
				LastSwiftUpdateCheck = 1420;
				LastUpgradeCheck = 1420;
				TargetAttributes = {
					54473FD5298A4098000CA9BE = {
						CreatedOnToolsVersion = 14.2;
					};
				};
			};
			buildConfigurationList = 54473FD1298A4098000CA9BE /* Build configuration list for PBXProject "TestApp" */;
			compatibilityVersion = "Xcode 14.0";
			developmentRegion = en;
			hasScannedForEncodings = 0;
			knownRegions = (
				en,
				Base,
			);
			mainGroup = 54473FCD298A4098000CA9BE;
			productRefGroup = 54473FD7298A4098000CA9BE /* Products */;
			projectDirPath = "";
			projectRoot = "";
			targets = (
				54473FD5298A4098000CA9BE /* TestApp */,
			);
		};
/* End PBXProject section */

/* Begin PBXResourcesBuildPhase section */
		54473FD4298A4098000CA9BE /* Resources */ = {
			isa = PBXResourcesBuildPhase;
			buildActionMask = 2147483647;
			files = (
				54473FE6298A4098000CA9BE /* LaunchScreen.storyboard in Resources */,
				54473FE3298A4098000CA9BE /* Assets.xcassets in Resources */,
			);
			runOnlyForDeploymentPostprocessing = 0;
		};
/* End PBXResourcesBuildPhase section */

/* Begin PBXSourcesBuildPhase section */
		54473FD2298A4098000CA9BE /* Sources */ = {
			isa = PBXSourcesBuildPhase;
			buildActionMask = 2147483647;
			files = (
				54473FFA298A4E6E000CA9BE /* UIView + Extensions.swift in Sources */,
				5447403A298BD7D1000CA9BE /* PickerViewTableViewCell.swift in Sources */,
				54473FF3298A47C7000CA9BE /* Resources.swift in Sources */,
				54473FFE298A6CD5000CA9BE /* EditingViewController.swift in Sources */,
				5447403C298BF53E000CA9BE /* GenderPickerView.swift in Sources */,
				54473FDE298A4098000CA9BE /* MainTableViewController.swift in Sources */,
				54473FF6298A4B50000CA9BE /* MainTableViewCell.swift in Sources */,
				54474034298AD5A5000CA9BE /* TextViewTableViewCell.swift in Sources */,
				54474053298D07EF000CA9BE /* UserModel.swift in Sources */,
				54474036298ADBC5000CA9BE /* NameTextView.swift in Sources */,
				54474058298D561B000CA9BE /* UIViewController + Extension.swift in Sources */,
				5447405A298D6628000CA9BE /* UIBarButtonItem + Extension.swift in Sources */,
				54474050298CFFEB000CA9BE /* EditingTableView.swift in Sources */,
				54474056298D0B06000CA9BE /* UserDefaultsManager.swift in Sources */,
				54473FDA298A4098000CA9BE /* AppDelegate.swift in Sources */,
				5447403E298BFA63000CA9BE /* GenderTextField.swift in Sources */,
				54474038298BCA6E000CA9BE /* DatePickerTableViewCell.swift in Sources */,
			);
			runOnlyForDeploymentPostprocessing = 0;
		};
/* End PBXSourcesBuildPhase section */

/* Begin PBXVariantGroup section */
		54473FE4298A4098000CA9BE /* LaunchScreen.storyboard */ = {
			isa = PBXVariantGroup;
			children = (
				54473FE5298A4098000CA9BE /* Base */,
			);
			name = LaunchScreen.storyboard;
			sourceTree = "<group>";
		};
/* End PBXVariantGroup section */

/* Begin XCBuildConfiguration section */
		54473FE8298A4098000CA9BE /* Debug */ = {
			isa = XCBuildConfiguration;
			buildSettings = {
				ALWAYS_SEARCH_USER_PATHS = NO;
				CLANG_ANALYZER_NONNULL = YES;
				CLANG_ANALYZER_NUMBER_OBJECT_CONVERSION = YES_AGGRESSIVE;
				CLANG_CXX_LANGUAGE_STANDARD = "gnu++20";
				CLANG_ENABLE_MODULES = YES;
				CLANG_ENABLE_OBJC_ARC = YES;
				CLANG_ENABLE_OBJC_WEAK = YES;
				CLANG_WARN_BLOCK_CAPTURE_AUTORELEASING = YES;
				CLANG_WARN_BOOL_CONVERSION = YES;
				CLANG_WARN_COMMA = YES;
				CLANG_WARN_CONSTANT_CONVERSION = YES;
				CLANG_WARN_DEPRECATED_OBJC_IMPLEMENTATIONS = YES;
				CLANG_WARN_DIRECT_OBJC_ISA_USAGE = YES_ERROR;
				CLANG_WARN_DOCUMENTATION_COMMENTS = YES;
				CLANG_WARN_EMPTY_BODY = YES;
				CLANG_WARN_ENUM_CONVERSION = YES;
				CLANG_WARN_INFINITE_RECURSION = YES;
				CLANG_WARN_INT_CONVERSION = YES;
				CLANG_WARN_NON_LITERAL_NULL_CONVERSION = YES;
				CLANG_WARN_OBJC_IMPLICIT_RETAIN_SELF = YES;
				CLANG_WARN_OBJC_LITERAL_CONVERSION = YES;
				CLANG_WARN_OBJC_ROOT_CLASS = YES_ERROR;
				CLANG_WARN_QUOTED_INCLUDE_IN_FRAMEWORK_HEADER = YES;
				CLANG_WARN_RANGE_LOOP_ANALYSIS = YES;
				CLANG_WARN_STRICT_PROTOTYPES = YES;
				CLANG_WARN_SUSPICIOUS_MOVE = YES;
				CLANG_WARN_UNGUARDED_AVAILABILITY = YES_AGGRESSIVE;
				CLANG_WARN_UNREACHABLE_CODE = YES;
				CLANG_WARN__DUPLICATE_METHOD_MATCH = YES;
				COPY_PHASE_STRIP = NO;
				DEBUG_INFORMATION_FORMAT = dwarf;
				ENABLE_STRICT_OBJC_MSGSEND = YES;
				ENABLE_TESTABILITY = YES;
				GCC_C_LANGUAGE_STANDARD = gnu11;
				GCC_DYNAMIC_NO_PIC = NO;
				GCC_NO_COMMON_BLOCKS = YES;
				GCC_OPTIMIZATION_LEVEL = 0;
				GCC_PREPROCESSOR_DEFINITIONS = (
					"DEBUG=1",
					"$(inherited)",
				);
				GCC_WARN_64_TO_32_BIT_CONVERSION = YES;
				GCC_WARN_ABOUT_RETURN_TYPE = YES_ERROR;
				GCC_WARN_UNDECLARED_SELECTOR = YES;
				GCC_WARN_UNINITIALIZED_AUTOS = YES_AGGRESSIVE;
				GCC_WARN_UNUSED_FUNCTION = YES;
				GCC_WARN_UNUSED_VARIABLE = YES;
				IPHONEOS_DEPLOYMENT_TARGET = 12.0;
				MTL_ENABLE_DEBUG_INFO = INCLUDE_SOURCE;
				MTL_FAST_MATH = YES;
				ONLY_ACTIVE_ARCH = YES;
				SDKROOT = iphoneos;
				SWIFT_ACTIVE_COMPILATION_CONDITIONS = DEBUG;
				SWIFT_OPTIMIZATION_LEVEL = "-Onone";
			};
			name = Debug;
		};
		54473FE9298A4098000CA9BE /* Release */ = {
			isa = XCBuildConfiguration;
			buildSettings = {
				ALWAYS_SEARCH_USER_PATHS = NO;
				CLANG_ANALYZER_NONNULL = YES;
				CLANG_ANALYZER_NUMBER_OBJECT_CONVERSION = YES_AGGRESSIVE;
				CLANG_CXX_LANGUAGE_STANDARD = "gnu++20";
				CLANG_ENABLE_MODULES = YES;
				CLANG_ENABLE_OBJC_ARC = YES;
				CLANG_ENABLE_OBJC_WEAK = YES;
				CLANG_WARN_BLOCK_CAPTURE_AUTORELEASING = YES;
				CLANG_WARN_BOOL_CONVERSION = YES;
				CLANG_WARN_COMMA = YES;
				CLANG_WARN_CONSTANT_CONVERSION = YES;
				CLANG_WARN_DEPRECATED_OBJC_IMPLEMENTATIONS = YES;
				CLANG_WARN_DIRECT_OBJC_ISA_USAGE = YES_ERROR;
				CLANG_WARN_DOCUMENTATION_COMMENTS = YES;
				CLANG_WARN_EMPTY_BODY = YES;
				CLANG_WARN_ENUM_CONVERSION = YES;
				CLANG_WARN_INFINITE_RECURSION = YES;
				CLANG_WARN_INT_CONVERSION = YES;
				CLANG_WARN_NON_LITERAL_NULL_CONVERSION = YES;
				CLANG_WARN_OBJC_IMPLICIT_RETAIN_SELF = YES;
				CLANG_WARN_OBJC_LITERAL_CONVERSION = YES;
				CLANG_WARN_OBJC_ROOT_CLASS = YES_ERROR;
				CLANG_WARN_QUOTED_INCLUDE_IN_FRAMEWORK_HEADER = YES;
				CLANG_WARN_RANGE_LOOP_ANALYSIS = YES;
				CLANG_WARN_STRICT_PROTOTYPES = YES;
				CLANG_WARN_SUSPICIOUS_MOVE = YES;
				CLANG_WARN_UNGUARDED_AVAILABILITY = YES_AGGRESSIVE;
				CLANG_WARN_UNREACHABLE_CODE = YES;
				CLANG_WARN__DUPLICATE_METHOD_MATCH = YES;
				COPY_PHASE_STRIP = NO;
				DEBUG_INFORMATION_FORMAT = "dwarf-with-dsym";
				ENABLE_NS_ASSERTIONS = NO;
				ENABLE_STRICT_OBJC_MSGSEND = YES;
				GCC_C_LANGUAGE_STANDARD = gnu11;
				GCC_NO_COMMON_BLOCKS = YES;
				GCC_WARN_64_TO_32_BIT_CONVERSION = YES;
				GCC_WARN_ABOUT_RETURN_TYPE = YES_ERROR;
				GCC_WARN_UNDECLARED_SELECTOR = YES;
				GCC_WARN_UNINITIALIZED_AUTOS = YES_AGGRESSIVE;
				GCC_WARN_UNUSED_FUNCTION = YES;
				GCC_WARN_UNUSED_VARIABLE = YES;
				IPHONEOS_DEPLOYMENT_TARGET = 12.0;
				MTL_ENABLE_DEBUG_INFO = NO;
				MTL_FAST_MATH = YES;
				SDKROOT = iphoneos;
				SWIFT_COMPILATION_MODE = wholemodule;
				SWIFT_OPTIMIZATION_LEVEL = "-O";
				VALIDATE_PRODUCT = YES;
			};
			name = Release;
		};
		54473FEB298A4098000CA9BE /* Debug */ = {
			isa = XCBuildConfiguration;
			buildSettings = {
				ASSETCATALOG_COMPILER_APPICON_NAME = AppIcon;
				ASSETCATALOG_COMPILER_GLOBAL_ACCENT_COLOR_NAME = AccentColor;
				CODE_SIGN_STYLE = Automatic;
				CURRENT_PROJECT_VERSION = 1;
				DEVELOPMENT_TEAM = AAASSVY7UK;
				GENERATE_INFOPLIST_FILE = YES;
				INFOPLIST_FILE = TestApp/SupportingFiles/Info.plist;
				INFOPLIST_KEY_UIApplicationSupportsIndirectInputEvents = YES;
				INFOPLIST_KEY_UILaunchStoryboardName = LaunchScreen;
				INFOPLIST_KEY_UISupportedInterfaceOrientations = UIInterfaceOrientationPortrait;
				INFOPLIST_KEY_UISupportedInterfaceOrientations_iPad = "UIInterfaceOrientationLandscapeLeft UIInterfaceOrientationLandscapeRight UIInterfaceOrientationPortrait UIInterfaceOrientationPortraitUpsideDown";
				IPHONEOS_DEPLOYMENT_TARGET = 12.0;
				LD_RUNPATH_SEARCH_PATHS = (
					"$(inherited)",
					"@executable_path/Frameworks",
				);
				MARKETING_VERSION = 1.0;
				PRODUCT_BUNDLE_IDENTIFIER = NKh.TestApp;
				PRODUCT_NAME = "$(TARGET_NAME)";
				SUPPORTED_PLATFORMS = "iphoneos iphonesimulator";
				SUPPORTS_MACCATALYST = NO;
				SUPPORTS_MAC_DESIGNED_FOR_IPHONE_IPAD = NO;
				SWIFT_EMIT_LOC_STRINGS = YES;
				SWIFT_VERSION = 5.0;
				TARGETED_DEVICE_FAMILY = 1;
			};
			name = Debug;
		};
		54473FEC298A4098000CA9BE /* Release */ = {
			isa = XCBuildConfiguration;
			buildSettings = {
				ASSETCATALOG_COMPILER_APPICON_NAME = AppIcon;
				ASSETCATALOG_COMPILER_GLOBAL_ACCENT_COLOR_NAME = AccentColor;
				CODE_SIGN_STYLE = Automatic;
				CURRENT_PROJECT_VERSION = 1;
				DEVELOPMENT_TEAM = AAASSVY7UK;
				GENERATE_INFOPLIST_FILE = YES;
				INFOPLIST_FILE = TestApp/SupportingFiles/Info.plist;
				INFOPLIST_KEY_UIApplicationSupportsIndirectInputEvents = YES;
				INFOPLIST_KEY_UILaunchStoryboardName = LaunchScreen;
				INFOPLIST_KEY_UISupportedInterfaceOrientations = UIInterfaceOrientationPortrait;
				INFOPLIST_KEY_UISupportedInterfaceOrientations_iPad = "UIInterfaceOrientationLandscapeLeft UIInterfaceOrientationLandscapeRight UIInterfaceOrientationPortrait UIInterfaceOrientationPortraitUpsideDown";
				IPHONEOS_DEPLOYMENT_TARGET = 12.0;
				LD_RUNPATH_SEARCH_PATHS = (
					"$(inherited)",
					"@executable_path/Frameworks",
				);
				MARKETING_VERSION = 1.0;
				PRODUCT_BUNDLE_IDENTIFIER = NKh.TestApp;
				PRODUCT_NAME = "$(TARGET_NAME)";
				SUPPORTED_PLATFORMS = "iphoneos iphonesimulator";
				SUPPORTS_MACCATALYST = NO;
				SUPPORTS_MAC_DESIGNED_FOR_IPHONE_IPAD = NO;
				SWIFT_EMIT_LOC_STRINGS = YES;
				SWIFT_VERSION = 5.0;
				TARGETED_DEVICE_FAMILY = 1;
			};
			name = Release;
		};
/* End XCBuildConfiguration section */

/* Begin XCConfigurationList section */
		54473FD1298A4098000CA9BE /* Build configuration list for PBXProject "TestApp" */ = {
			isa = XCConfigurationList;
			buildConfigurations = (
				54473FE8298A4098000CA9BE /* Debug */,
				54473FE9298A4098000CA9BE /* Release */,
			);
			defaultConfigurationIsVisible = 0;
			defaultConfigurationName = Release;
		};
		54473FEA298A4098000CA9BE /* Build configuration list for PBXNativeTarget "TestApp" */ = {
			isa = XCConfigurationList;
			buildConfigurations = (
				54473FEB298A4098000CA9BE /* Debug */,
				54473FEC298A4098000CA9BE /* Release */,
			);
			defaultConfigurationIsVisible = 0;
			defaultConfigurationName = Release;
		};
/* End XCConfigurationList section */
	};
	rootObject = 54473FCE298A4098000CA9BE /* Project object */;
}
